{
  "name": "mfenc-decompiler",
  "version": "1.0.0",
  "lockfileVersion": 1,
  "requires": true,
  "dependencies": {
    "axios": {
      "version": "0.18.0",
      "resolved": "http://registry.npm.taobao.org/axios/download/axios-0.18.0.tgz",
      "integrity": "sha1-MtU+SFHv3AoRmTts0AB4nXDAUQI=",
      "requires": {
        "follow-redirects": "1.4.1",
        "is-buffer": "1.1.6"
      }
    },
    "debug": {
      "version": "3.1.0",
      "resolved": "http://registry.npm.taobao.org/debug/download/debug-3.1.0.tgz",
      "integrity": "sha1-W7WgZyYotkFJVmuhaBnmFRjGcmE=",
      "requires": {
        "ms": "2.0.0"
      }
    },
    "eve-raphael": {
      "version": "0.5.0",
      "resolved": "http://registry.npm.taobao.org/eve-raphael/download/eve-raphael-0.5.0.tgz",
      "integrity": "sha1-F8dUt5K+7z+maE15z1pHxjxM2jA="
    },
    "flowchart.js": {
      "version": "1.11.0",
      "resolved": "http://registry.npm.taobao.org/flowchart.js/download/flowchart.js-1.11.0.tgz",
      "integrity": "sha1-6N9g5p0I35DAf/sJ6FfVVdiYH8c=",
      "requires": {
        "raphael": "2.2.7"
      }
    },
    "follow-redirects": {
      "version": "1.4.1",
      "resolved": "http://registry.npm.taobao.org/follow-redirects/download/follow-redirects-1.4.1.tgz",
      "integrity": "sha1-2BIPRRgZD1Wqxlu2/HuF/NZm1qo=",
      "requires": {
        "debug": "3.1.0"
      }
    },
    "is-buffer": {
      "version": "1.1.6",
      "resolved": "http://registry.npm.taobao.org/is-buffer/download/is-buffer-1.1.6.tgz",
      "integrity": "sha1-76ouqdqg16suoTqXsritUf776L4="
    },
    "ms": {
      "version": "2.0.0",
      "resolved": "http://registry.npm.taobao.org/ms/download/ms-2.0.0.tgz",
      "integrity": "sha1-VgiurfwAvmwpAd9fmGF4jeDVl8g="
    },
    "raphael": {
      "version": "2.2.7",
      "resolved": "http://registry.npm.taobao.org/raphael/download/raphael-2.2.7.tgz",
      "integrity": "sha1-IxsZFB+NCGmG2PrOtm+LVi7iyBA=",
      "requires": {
        "eve-raphael": "0.5.0"
      }
    },
    "svg.draggable.js": {
      "version": "2.2.1",
      "resolved": "http://registry.npm.taobao.org/svg.draggable.js/download/svg.draggable.js-2.2.1.tgz",
      "integrity": "sha1-g7AP9rm6vxD70cb4boPx3bAgTL8=",
      "requires": {
        "svg.js": "2.6.4"
      }
    },
    "svg.js": {
      "version": "2.6.4",
      "resolved": "http://registry.npm.taobao.org/svg.js/download/svg.js-2.6.4.tgz",
      "integrity": "sha1-A0CFsTORxvzKGgGFo02+psPnjcM="
    }
  }
}
